# THIS IS AN AUTOGENERATED FILE. DO NOT EDIT THIS FILE DIRECTLY.
# yarn lockfile v1


bluebird@^3.5.1:
  version "3.5.3"
  resolved "https://registry.yarnpkg.com/bluebird/-/bluebird-3.5.3.tgz#7d01c6f9616c9a51ab0f8c549a79dfe6ec33efa7"
  integrity sha512-/qKPUQlaW1OyR51WeCPBvRnAlnZFUJkCSG5HzGnuIqhgyJtF+T94lFnn33eiazjRm2LAHVy2guNnaq48X9SJuw==

cornelius@^2.1.0:
  version "2.1.0"
  resolved "https://registry.yarnpkg.com/cornelius/-/cornelius-2.1.0.tgz#2678d9b67518a63adbb56514191fe048dfa81963"
  integrity sha512-gPtZsxiywxLfhdC9KTcvFoMQ+JWAh5A+wn9av3D2I3lwUfj34oODQ4VVYT5exdsntVUA2U4fZ3FgZq3b7j0gPw==
  dependencies:
    bluebird "^3.5.1"

readline-promise@^1.0.4:
  version "1.0.4"
  resolved "https://registry.yarnpkg.com/readline-promise/-/readline-promise-1.0.4.tgz#c22190438642da6fb99462cfbbfb6232b4edb9bd"
  integrity sha512-b6fycDK7CZWpVXbTl8qnW2jovXPduWKpZGyVZbjK/V4A9iiTU4gur+JEkjjgGKLiDZOftkRCT/dxGLG6hR9HyA==
